
Microsoft Visual Studio Solution File, Format Version 12.00
# Visual Studio Version 16
VisualStudioVersion = 16.0.31410.357
MinimumVisualStudioVersion = 10.0.40219.1
Project("{F184B08F-C81C-45F6-A57F-5ABD9991F28F}") = "Datos", "GesContratos.Datos\Datos.vbproj", "{55F5B4A6-0D36-4177-9372-F4AD47B1306D}"
EndProject
Project("{F184B08F-C81C-45F6-A57F-5ABD9991F28F}") = "Entidades", "GesContratos.Entidades\Entidades.vbproj", "{2215AAD4-A976-496F-B9F8-87258163C48B}"
EndProject
Project("{F184B08F-C81C-45F6-A57F-5ABD9991F28F}") = "Negocio", "GesContratos.Negocio\Negocio.vbproj", "{6DA199D8-678B-4E64-8BED-3C63C7A3BDFB}"
EndProject
Project("{F184B08F-C81C-45F6-A57F-5ABD9991F28F}") = "Presentacion", "GesContratos.Presentacion\Presentacion.vbproj", "{8B0FA709-10FE-4020-BBB1-0C9B5E888E28}"
EndProject
Project("{778DAE3C-4631-46EA-AA77-85C1314464D9}") = "Vecho", "Vecho\Vecho.vbproj", "{14823426-DF84-456C-B790-C99F3C98A050}"
EndProject
Project("{54435603-DBB4-11D2-8724-00A0C9A8B90C}") = "Setup", "Setup\Setup.vdproj", "{7DD5DFDA-EBEB-48DD-9374-90F2FD984A6C}"
EndProject
Global
	GlobalSection(SolutionConfigurationPlatforms) = preSolution
		Debug|Any CPU = Debug|Any CPU
		Release|Any CPU = Release|Any CPU
	EndGlobalSection
	GlobalSection(ProjectConfigurationPlatforms) = postSolution
		{55F5B4A6-0D36-4177-9372-F4AD47B1306D}.Debug|Any CPU.ActiveCfg = Debug|Any CPU
		{55F5B4A6-0D36-4177-9372-F4AD47B1306D}.Debug|Any CPU.Build.0 = Debug|Any CPU
		{55F5B4A6-0D36-4177-9372-F4AD47B1306D}.Release|Any CPU.ActiveCfg = Release|Any CPU
		{55F5B4A6-0D36-4177-9372-F4AD47B1306D}.Release|Any CPU.Build.0 = Release|Any CPU
		{2215AAD4-A976-496F-B9F8-87258163C48B}.Debug|Any CPU.ActiveCfg = Debug|Any CPU
		{2215AAD4-A976-496F-B9F8-87258163C48B}.Debug|Any CPU.Build.0 = Debug|Any CPU
		{2215AAD4-A976-496F-B9F8-87258163C48B}.Release|Any CPU.ActiveCfg = Release|Any CPU
		{2215AAD4-A976-496F-B9F8-87258163C48B}.Release|Any CPU.Build.0 = Release|Any CPU
		{6DA199D8-678B-4E64-8BED-3C63C7A3BDFB}.Debug|Any CPU.ActiveCfg = Debug|Any CPU
		{6DA199D8-678B-4E64-8BED-3C63C7A3BDFB}.Debug|Any CPU.Build.0 = Debug|Any CPU
		{6DA199D8-678B-4E64-8BED-3C63C7A3BDFB}.Release|Any CPU.ActiveCfg = Release|Any CPU
		{6DA199D8-678B-4E64-8BED-3C63C7A3BDFB}.Release|Any CPU.Build.0 = Release|Any CPU
		{8B0FA709-10FE-4020-BBB1-0C9B5E888E28}.Debug|Any CPU.ActiveCfg = Debug|Any CPU
		{8B0FA709-10FE-4020-BBB1-0C9B5E888E28}.Debug|Any CPU.Build.0 = Debug|Any CPU
		{8B0FA709-10FE-4020-BBB1-0C9B5E888E28}.Release|Any CPU.ActiveCfg = Release|Any CPU
		{8B0FA709-10FE-4020-BBB1-0C9B5E888E28}.Release|Any CPU.Build.0 = Release|Any CPU
		{14823426-DF84-456C-B790-C99F3C98A050}.Debug|Any CPU.ActiveCfg = Debug|Any CPU
		{14823426-DF84-456C-B790-C99F3C98A050}.Debug|Any CPU.Build.0 = Debug|Any CPU
		{14823426-DF84-456C-B790-C99F3C98A050}.Release|Any CPU.ActiveCfg = Release|Any CPU
		{14823426-DF84-456C-B790-C99F3C98A050}.Release|Any CPU.Build.0 = Release|Any CPU
		{7DD5DFDA-EBEB-48DD-9374-90F2FD984A6C}.Debug|Any CPU.ActiveCfg = Debug
		{7DD5DFDA-EBEB-48DD-9374-90F2FD984A6C}.Release|Any CPU.ActiveCfg = Release
	EndGlobalSection
	GlobalSection(SolutionProperties) = preSolution
		HideSolutionNode = FALSE
	EndGlobalSection
	GlobalSection(ExtensibilityGlobals) = postSolution
		SolutionGuid = {8BA59300-C4A9-4A07-8C39-4ED067E3D294}
	EndGlobalSection
EndGlobal
